version: 1.0
shards:
  any_hash:
    github: Sija/any_hash.cr
    version: 0.2.3

  baked_file_system:
    github: schovi/baked_file_system
    version: 0.9.8

  crinja:
    github: straight-shoota/crinja
    version: 0.5.1

  db:
    github: crystal-lang/crystal-db
    version: 0.8.0

  exception_page:
    github: crystal-loot/exception_page
    version: 0.1.2

  git:
    github: smacker/libgit2.cr
    commit: 3426bf335e0970852e300f7602cf6e8dd21d0867

  github-cr:
    github: arnavb/github-cr
    commit: 119df4c747a81260b37af0878b24eab9345a94f4

  humanize_time:
    github: mamantoha/humanize_time
    version: 0.6.0

  i18n:
    github: TechMagister/i18n.cr
    version: 0.3.1

  i18n_plural_rules:
    github: mamantoha/i18n_plural_rules
    version: 0.1.0

  kemal:
    github: kemalcr/kemal
    version: 0.26.1

  kilt:
    github: jeromegn/kilt
    version: 0.4.0

  markd:
    github: icyleaf/markd
    commit: 411f979697c57e9b7081b941c7ed3801b6d61261

  pg:
    github: will/crystal-pg
    version: 0.20.0

  radix:
    github: luislavena/radix
    version: 0.3.9

  raven:
    github: Sija/raven.cr
    version: 1.5.5

  sass:
    github: straight-shoota/sass.cr
    version: 0.5.0

  shardbox-core:
    github: shardbox/shardbox-core
    commit: 527e68fa32d04e1104b4ed5ba8e95be00d4e6b86

  shards:
    github: crystal-lang/shards
    commit: 35303e1232f150677a5ff0e1713ced9171ee928a

