version: 1.0
shards:
  any_hash:
    github: Sija/any_hash.cr
    version: 0.2.3

  baked_file_system:
    github: schovi/baked_file_system
    version: 0.9.8

  crinja:
    github: straight-shoota/crinja
    version: 0.6.0

  db:
    github: crystal-lang/crystal-db
    version: 0.9.0

  exception_page:
    github: crystal-loot/exception_page
    version: 0.1.4

  git:
    github: smacker/libgit2.cr
    commit: 1d42ffdcf6f885a49ece5b2baac00a5146d0a556

  github-cr:
    github: arnavb/github-cr
    commit: 119df4c747a81260b37af0878b24eab9345a94f4

  humanize_time:
    github: mamantoha/humanize_time
    version: 0.6.0

  i18n:
    github: TechMagister/i18n.cr
    version: 0.3.1

  i18n_plural_rules:
    github: mamantoha/i18n_plural_rules
    version: 0.1.1

  kemal:
    github: kemalcr/kemal
    version: 0.26.1

  kilt:
    github: jeromegn/kilt
    version: 0.4.0

  markd:
    github: icyleaf/markd
    commit: d1456d336f3906474cdd18f8fc14a6aa2671f434

  molinillo:
    github: crystal-lang/crystal-molinillo
    version: 0.1.0

  pg:
    github: will/crystal-pg
    commit: cafee448dc09ef487bd3941febce8796830f1bd7

  radix:
    github: luislavena/radix
    version: 0.3.9

  raven:
    github: Sija/raven.cr
    version: 1.6.0

  sass:
    github: straight-shoota/sass.cr
    version: 0.5.0

  shardbox-core:
    github: shardbox/shardbox-core
    commit: 4e4972f34fc5582ccccec4dc5befef5da53a4de6

  shards:
    github: crystal-lang/shards
    commit: 5666481ea1b304944adcf9eabce0b24ff9badeb9

